
Microsoft Visual Studio Solution File, Format Version 12.00
# Visual Studio Version 17
VisualStudioVersion = 17.13.35825.156
MinimumVisualStudioVersion = 10.0.40219.1
Project("{8BC9CEB8-8B4A-11D0-8D11-00A0C91BC942}") = "Lecture05-2", "Lecture05-2\Lecture05-2.vcxproj", "{180E1822-56C7-4DB5-ACDC-19C140B8C6FD}"
EndProject
Global
	GlobalSection(SolutionConfigurationPlatforms) = preSolution
		Debug|x64 = Debug|x64
		Debug|x86 = Debug|x86
		Release|x64 = Release|x64
		Release|x86 = Release|x86
	EndGlobalSection
	GlobalSection(ProjectConfigurationPlatforms) = postSolution
		{180E1822-56C7-4DB5-ACDC-19C140B8C6FD}.Debug|x64.ActiveCfg = Debug|x64
		{180E1822-56C7-4DB5-ACDC-19C140B8C6FD}.Debug|x64.Build.0 = Debug|x64
		{180E1822-56C7-4DB5-ACDC-19C140B8C6FD}.Debug|x86.ActiveCfg = Debug|Win32
		{180E1822-56C7-4DB5-ACDC-19C140B8C6FD}.Debug|x86.Build.0 = Debug|Win32
		{180E1822-56C7-4DB5-ACDC-19C140B8C6FD}.Release|x64.ActiveCfg = Release|x64
		{180E1822-56C7-4DB5-ACDC-19C140B8C6FD}.Release|x64.Build.0 = Release|x64
		{180E1822-56C7-4DB5-ACDC-19C140B8C6FD}.Release|x86.ActiveCfg = Release|Win32
		{180E1822-56C7-4DB5-ACDC-19C140B8C6FD}.Release|x86.Build.0 = Release|Win32
	EndGlobalSection
	GlobalSection(SolutionProperties) = preSolution
		HideSolutionNode = FALSE
	EndGlobalSection
	GlobalSection(ExtensibilityGlobals) = postSolution
		SolutionGuid = {5AED571C-F25E-47A0-A00D-CCC0843450D5}
	EndGlobalSection
EndGlobal
